
Microsoft Visual Studio Solution File, Format Version 12.00
# Visual Studio 15
VisualStudioVersion = 15.0.26430.14
MinimumVisualStudioVersion = 10.0.40219.1
Project("{2150E333-8FDC-42A3-9474-1A3956D46DE8}") = "src", "src", "{A64B8040-7F6B-4061-B099-53954179C85A}"
EndProject
Project("{2150E333-8FDC-42A3-9474-1A3956D46DE8}") = "Solution Items", "Solution Items", "{ED9B14F4-1239-4248-AE8D-5E1BFE968B96}"
EndProject
Project("{2150E333-8FDC-42A3-9474-1A3956D46DE8}") = "test", "test", "{8B21863B-36B9-45A6-8D60-EC193239552B}"
EndProject
Project("{9A19103F-16F7-4668-BE54-9A1E7A4F7556}") = "Morcatko.AspNetCore.JsonMergePatch", "src\Morcatko.AspNetCore.JsonMergePatch\Morcatko.AspNetCore.JsonMergePatch.csproj", "{A8BB3010-1E76-4C1E-8D99-3EE46341ED42}"
EndProject
Project("{9A19103F-16F7-4668-BE54-9A1E7A4F7556}") = "testApp1.0", "test\testApp1.0\testApp1.0.csproj", "{BB21FEAC-A7E3-4856-816C-3F8BDABA7F9E}"
EndProject
Project("{9A19103F-16F7-4668-BE54-9A1E7A4F7556}") = "testApp1.1", "test\testApp1.1\testApp1.1.csproj", "{E8988AB2-6A4F-4A10-8B2C-7F6CE841E436}"
EndProject
Global
	GlobalSection(SolutionConfigurationPlatforms) = preSolution
		Debug|Any CPU = Debug|Any CPU
		Release|Any CPU = Release|Any CPU
	EndGlobalSection
	GlobalSection(ProjectConfigurationPlatforms) = postSolution
		{A8BB3010-1E76-4C1E-8D99-3EE46341ED42}.Debug|Any CPU.ActiveCfg = Debug|Any CPU
		{A8BB3010-1E76-4C1E-8D99-3EE46341ED42}.Debug|Any CPU.Build.0 = Debug|Any CPU
		{A8BB3010-1E76-4C1E-8D99-3EE46341ED42}.Release|Any CPU.ActiveCfg = Release|Any CPU
		{A8BB3010-1E76-4C1E-8D99-3EE46341ED42}.Release|Any CPU.Build.0 = Release|Any CPU
		{BB21FEAC-A7E3-4856-816C-3F8BDABA7F9E}.Debug|Any CPU.ActiveCfg = Debug|Any CPU
		{BB21FEAC-A7E3-4856-816C-3F8BDABA7F9E}.Debug|Any CPU.Build.0 = Debug|Any CPU
		{BB21FEAC-A7E3-4856-816C-3F8BDABA7F9E}.Release|Any CPU.ActiveCfg = Release|Any CPU
		{BB21FEAC-A7E3-4856-816C-3F8BDABA7F9E}.Release|Any CPU.Build.0 = Release|Any CPU
		{E8988AB2-6A4F-4A10-8B2C-7F6CE841E436}.Debug|Any CPU.ActiveCfg = Debug|Any CPU
		{E8988AB2-6A4F-4A10-8B2C-7F6CE841E436}.Debug|Any CPU.Build.0 = Debug|Any CPU
		{E8988AB2-6A4F-4A10-8B2C-7F6CE841E436}.Release|Any CPU.ActiveCfg = Release|Any CPU
		{E8988AB2-6A4F-4A10-8B2C-7F6CE841E436}.Release|Any CPU.Build.0 = Release|Any CPU
	EndGlobalSection
	GlobalSection(SolutionProperties) = preSolution
		HideSolutionNode = FALSE
	EndGlobalSection
	GlobalSection(NestedProjects) = preSolution
		{A8BB3010-1E76-4C1E-8D99-3EE46341ED42} = {A64B8040-7F6B-4061-B099-53954179C85A}
		{BB21FEAC-A7E3-4856-816C-3F8BDABA7F9E} = {8B21863B-36B9-45A6-8D60-EC193239552B}
		{E8988AB2-6A4F-4A10-8B2C-7F6CE841E436} = {8B21863B-36B9-45A6-8D60-EC193239552B}
	EndGlobalSection
EndGlobal
